# This file is autogenerated, do not edit; changes may be undone by the next 'dep ensure'.


[[projects]]
  branch = "master"
  digest = "1:386e5a632be2aa525a327e13694bd22bde42fe6fe925c3bfef89b59c6e10b08f"
  name = "github.com/AndreasBriese/bbloom"
  packages = ["."]
  pruneopts = "NUT"
  revision = "343706a395b76e5ca5c7dca46a5d937b48febc74"

[[projects]]
  digest = "1:a074ae0f4788ea4c4c7045ab37f21943920bc20cf6ff8afcb2d971154cfa87ab"
  name = "github.com/Shopify/sarama"
  packages = ["."]
  pruneopts = "NUT"
  revision = "ec843464b50d4c8b56403ec9d589cf41ea30e722"
  version = "v1.19.0"

[[projects]]
  branch = "master"
  digest = "1:a0bcc2589c645af2393d9c567419b55b92738c68af2da39431859989e63bd289"
  name = "github.com/augustoroman/v8"
  packages = ["."]
  pruneopts = "NUT"
  revision = "ba08a518420f19b3c2829438394e418651409d1c"

[[projects]]
  branch = "master"
  digest = "1:8b5b2ef26f194968cadcac09ca84f1275057cca6461af79d1c2547964c634c81"
  name = "github.com/bmeg/golib"
  packages = ["."]
  pruneopts = "NUT"
  revision = "82a1e1d7a0b26093e4bcdc4522cbf93d9cd5f694"

[[projects]]
  digest = "1:a12d94258c5298ead75e142e8001224bf029f302fed9e96cd39c0eaf90f3954d"
  name = "github.com/boltdb/bolt"
  packages = ["."]
  pruneopts = "NUT"
  revision = "2f1ce7a837dcb8da3ec595b1dac9d0632f0f99e8"
  version = "v1.3.1"

[[projects]]
  digest = "1:ffe9824d294da03b391f44e1ae8281281b4afc1bdaa9588c9097785e3af10cec"
  name = "github.com/davecgh/go-spew"
  packages = ["spew"]
  pruneopts = "NUT"
  revision = "8991bc29aa16c548c550c7ff78260e27b9ab7c73"
  version = "v1.1.1"

[[projects]]
  digest = "1:521dbffa94d29f0d7870a44a8822272ded7abcfc6d29b047e37d7eb2cb728b26"
  name = "github.com/dgraph-io/badger"
  packages = [
    ".",
    "options",
    "protos",
    "skl",
    "table",
    "y",
  ]
  pruneopts = "NUT"
  revision = "99233d725dbdd26d156c61b2f42ae1671b794656"
  version = "v1.5.4"

[[projects]]
  branch = "master"
  digest = "1:3bde5c0379e801eefa31b42f0898745c298a25473ab62da93ac94d5da7e4196c"
  name = "github.com/dgryski/go-farm"
  packages = ["."]
  pruneopts = "NUT"
  revision = "2de33835d10275975374b37b2dcfd22c9020a1f5"

[[projects]]
  digest = "1:e32db9fddc5e745860ca0f4176670d2cf839d3afa06b09ad595b8a99be8b5cb6"
  name = "github.com/dlclark/regexp2"
  packages = [
    ".",
    "syntax",
  ]
  pruneopts = "NUT"
  revision = "487489b64fb796de2e55f4e8a4ad1e145f80e957"
  version = "v1.1.6"

[[projects]]
  branch = "master"
  digest = "1:75e8597d8dc06060652301f22dbd221e5d01167f324165490563c05cff7d6e42"
  name = "github.com/dop251/goja"
  packages = [
    ".",
    "ast",
    "file",
    "parser",
    "token",
  ]
  pruneopts = "NUT"
  revision = "ef8c030e3c96c5054c2f10ef925e7041e0583c07"

[[projects]]
  digest = "1:08143362be979b087c2c1bae5dde986e988d3d5d4dc661727cbe436411b3f33a"
  name = "github.com/eapache/go-resiliency"
  packages = ["breaker"]
  pruneopts = "NUT"
  revision = "ea41b0fad31007accc7f806884dcdf3da98b79ce"
  version = "v1.1.0"

[[projects]]
  branch = "master"
  digest = "1:d3430c048e919ed27813d20dc65a32d4e3bae3ad05b83700e244a81eaaf48e2a"
  name = "github.com/eapache/go-xerial-snappy"
  packages = ["."]
  pruneopts = "NUT"
  revision = "776d5712da21bc4762676d614db1d8a64f4238b0"

[[projects]]
  digest = "1:0d36a2b325b9e75f8057f7f9fbe778d348d70ba652cb9335485b69d1a5c4e038"
  name = "github.com/eapache/queue"
  packages = ["."]
  pruneopts = "NUT"
  revision = "44cc805cf13205b55f69e14bcb69867d1ae92f98"
  version = "v1.1.0"

[[projects]]
  digest = "1:81466b4218bf6adddac2572a30ac733a9255919bc2f470b4827a317bd4ee1756"
  name = "github.com/ghodss/yaml"
  packages = ["."]
  pruneopts = "NUT"
  revision = "0ca9ea5df5451ffdf184b4428c902747c2c11cd7"
  version = "v1.0.0"

[[projects]]
  branch = "master"
  digest = "1:6be8997d410d48dd045a8c18ee25e59ebfaeb9aa502c240b0d8ad9bb3e3fdd4f"
  name = "github.com/globalsign/mgo"
  packages = [
    ".",
    "bson",
    "internal/json",
    "internal/sasl",
    "internal/scram",
  ]
  pruneopts = "NUT"
  revision = "eeefdecb41b842af6dc652aaea4026e8403e62df"

[[projects]]
  digest = "1:7d5c6757be75cd60d5936e26b2894c16bbb555bd8dad4724b0fa19efb3a6f78b"
  name = "github.com/go-sourcemap/sourcemap"
  packages = [
    ".",
    "internal/base64vlq",
  ]
  pruneopts = "NUT"
  revision = "b019cc30c1eaa584753491b0d8f8c1534bf1eb44"
  version = "v2.1.2"

[[projects]]
  digest = "1:13e9a236e56e18fecb73f5b2f2eb7f60060a1a9bc27e5a7328ab22e275ecb63e"
  name = "github.com/go-sql-driver/mysql"
  packages = ["."]
  pruneopts = "NUT"
  revision = "72cd26f257d44c1114970e19afddcd812016007e"
  version = "v1.4.1"

[[projects]]
  branch = "master"
  digest = "1:8f251d09f52a8920bdba202b0c18a24cafb4f70f94b9afd8d02bf7643cfc99a0"
  name = "github.com/golang/gddo"
  packages = [
    "httputil",
    "httputil/header",
  ]
  pruneopts = "NUT"
  revision = "6c035858b4d75d0d20d1dc21647c98707fe284d0"

[[projects]]
  digest = "1:9b117ac202b9de210a7093bca0c29d0d2424e4c9235c9e025ae0d6ef6b121c82"
  name = "github.com/golang/protobuf"
  packages = [
    "jsonpb",
    "proto",
    "protoc-gen-go/descriptor",
    "ptypes",
    "ptypes/any",
    "ptypes/duration",
    "ptypes/struct",
    "ptypes/timestamp",
  ]
  pruneopts = "NUT"
  revision = "aa810b61a9c79d51363740d207bb46cf8e620ed5"
  version = "v1.2.0"

[[projects]]
  branch = "master"
  digest = "1:7f114b78210bf5b75f307fc97cff293633c835bab1e0ea8a744a44b39c042dfe"
  name = "github.com/golang/snappy"
  packages = ["."]
  pruneopts = "NUT"
  revision = "2e65f85255dbc3072edf28d6b5b8efc472979f5a"

[[projects]]
  digest = "1:42ffe09fcfb07a89393cac6533d19583f5b89962f287553a5249a6586ac42e4d"
  name = "github.com/graphql-go/graphql"
  packages = [
    ".",
    "gqlerrors",
    "language/ast",
    "language/kinds",
    "language/lexer",
    "language/location",
    "language/parser",
    "language/printer",
    "language/source",
    "language/typeInfo",
    "language/visitor",
  ]
  pruneopts = "NUT"
  revision = "5c1be0872a56fba73b279434ea95dfda735abedd"
  version = "v0.7.6"

[[projects]]
  digest = "1:eeae01d7aaaabdd5ab150793370f78e919e12640f8cc9a7824c6209cf64a178a"
  name = "github.com/graphql-go/handler"
  packages = ["."]
  pruneopts = "NUT"
  revision = "f0393b2c10daeebea900292b8e092e73475399d9"
  version = "v0.2.1"

[[projects]]
  digest = "1:607422aa5679ef904f4f28f394b5ca32b55f08dae4b887576902844d1310cddc"
  name = "github.com/grpc-ecosystem/go-grpc-middleware"
  packages = [
    ".",
    "retry",
    "util/backoffutils",
    "util/metautils",
  ]
  pruneopts = "NUT"
  revision = "c250d6563d4d4c20252cd865923440e829844f4e"
  version = "v1.0.0"

[[projects]]
  digest = "1:632671b718dd3005a6bcb311b65485114789cb973f35ee7d171401c322f8bf90"
  name = "github.com/grpc-ecosystem/grpc-gateway"
  packages = [
    "runtime",
    "runtime/internal",
    "utilities",
  ]
  pruneopts = "NUT"
  revision = "aeab1d96e0f1368d243e2e5f526aa29d495517bb"
  version = "v1.5.1"

[[projects]]
  digest = "1:f0d9d74edbd40fdeada436d5ac9cb5197407899af3fef85ff0137077ffe8ae19"
  name = "github.com/hashicorp/errwrap"
  packages = ["."]
  pruneopts = "NUT"
  revision = "8a6fb523712970c966eefc6b39ed2c5e74880354"
  version = "v1.0.0"

[[projects]]
  digest = "1:2ed138049ab373f696db2081ca48f15c5abdf20893803612a284f2bdce2bf443"
  name = "github.com/hashicorp/go-multierror"
  packages = ["."]
  pruneopts = "NUT"
  revision = "886a7fbe3eb1c874d46f623bfa70af45f425b3d1"
  version = "v1.0.0"

[[projects]]
  digest = "1:9a52adf44086cead3b384e5d0dbf7a1c1cce65e67552ee3383a8561c42a18cd3"
  name = "github.com/imdario/mergo"
  packages = ["."]
  pruneopts = "NUT"
  revision = "9f23e2d6bd2a77f959b2bf6acdbefd708a83a4a4"
  version = "v0.3.6"

[[projects]]
  digest = "1:406338ad39ab2e37b7f4452906442a3dbf0eb3379dd1f06aafb5c07e769a5fbb"
  name = "github.com/inconshreveable/mousetrap"
  packages = ["."]
  pruneopts = "NUT"
  revision = "76626ae9c91c4f2a10f34cad8ce83ea42c93bb75"
  version = "v1.0"

[[projects]]
  branch = "master"
  digest = "1:0c11e987235e8f37af4e9f24cca02754827d009e8b66cf24483b0006504f6045"
  name = "github.com/jmoiron/sqlx"
  packages = [
    ".",
    "reflectx",
  ]
  pruneopts = "NUT"
  revision = "98524a5580a7344664db720ea129c478615af756"

[[projects]]
  branch = "master"
  digest = "1:29b28f180efcbaf57b5a5b91d9299a1f1fa749a8ab0a69fb9bcbf1f58b8749d3"
  name = "github.com/knakk/rdf"
  packages = ["."]
  pruneopts = "NUT"
  revision = "b6ee24f8f40ff0580683aefb6831dad263a3f751"

[[projects]]
  digest = "1:4059c14e87a2de3a434430340521b5feece186c1469eff0834c29a63870de3ed"
  name = "github.com/konsorten/go-windows-terminal-sequences"
  packages = ["."]
  pruneopts = "NUT"
  revision = "5c8c8bd35d3832f5d134ae1e1e375b69a4d25242"
  version = "v1.0.1"

[[projects]]
  digest = "1:7b21c7fc5551b46d1308b4ffa9e9e49b66c7a8b0ba88c0130474b0e7a20d859f"
  name = "github.com/kr/pretty"
  packages = ["."]
  pruneopts = "NUT"
  revision = "73f6ac0b30a98e433b289500d779f50c1a6f0712"
  version = "v0.1.0"

[[projects]]
  digest = "1:c3a7836b5904db0f8b609595b619916a6831cb35b8b714aec39f96d00c6155d8"
  name = "github.com/kr/text"
  packages = ["."]
  pruneopts = "NUT"
  revision = "e2ffdb16a802fe2bb95e2e35ff34f0e53aeef34f"
  version = "v0.1.0"

[[projects]]
  digest = "1:4d5fa9f49e5bf3d55c16ff562af9e3231f9ac5ccf495927fd0555f4607c15475"
  name = "github.com/lib/pq"
  packages = [
    ".",
    "oid",
  ]
  pruneopts = "NUT"
  revision = "4ded0e9383f75c197b3a2aaa6d590ac52df6fd79"
  version = "v1.0.0"

[[projects]]
  branch = "master"
  digest = "1:918e8251bedd0f6779ae0f9dd10cdef04184d6bb8df09a2d89b888e5118bd493"
  name = "github.com/logrusorgru/aurora"
  packages = ["."]
  pruneopts = "NUT"
  revision = "a7b3b318ed4e1ae5b80602b08627267303c68572"

[[projects]]
  branch = "master"
  digest = "1:853fe95bef4c5e8a70dcd405b5206b38a9ff09e9c26fef93d1d0adeaea39f9ce"
  name = "github.com/mailru/easyjson"
  packages = [
    ".",
    "buffer",
    "jlexer",
    "jwriter",
  ]
  pruneopts = "NUT"
  revision = "60711f1a8329503b04e1c88535f419d0bb440bff"

[[projects]]
  branch = "master"
  digest = "1:a9c9c350ae298eb1cc8d92c7e18f39e2e816127ca540f96b5c9dc6f1ffbc05ab"
  name = "github.com/oliveagle/jsonpath"
  packages = ["."]
  pruneopts = "NUT"
  revision = "2e52cf6e685269ed8aefec6390f3cac3ef74e730"

[[projects]]
  digest = "1:1d920dce8e11bfff65b5709e883a8ece131b63a5bc4b2cd404f9ef7eb445f73f"
  name = "github.com/pierrec/lz4"
  packages = [
    ".",
    "internal/xxh32",
  ]
  pruneopts = "NUT"
  revision = "635575b42742856941dbc767b44905bb9ba083f6"
  version = "v2.0.7"

[[projects]]
  digest = "1:5cf3f025cbee5951a4ee961de067c8a89fc95a5adabead774f82822efabab121"
  name = "github.com/pkg/errors"
  packages = ["."]
  pruneopts = "NUT"
  revision = "645ef00459ed84a119197bfb8d8205042c6df63d"
  version = "v0.8.0"

[[projects]]
  digest = "1:0028cb19b2e4c3112225cd871870f2d9cf49b9b4276531f03438a88e94be86fe"
  name = "github.com/pmezard/go-difflib"
  packages = ["difflib"]
  pruneopts = "NUT"
  revision = "792786c7400a136282c1664665ae0a8db921c6c2"
  version = "v1.0.0"

[[projects]]
  branch = "master"
  digest = "1:7c522337040d4ec9a136cd9d64fe4677ee1d3eae4a7f8831c2108f9bec43fa48"
  name = "github.com/rcrowley/go-metrics"
  packages = ["."]
  pruneopts = "NUT"
  revision = "e2704e165165ec55d062f5919b4b29494e9fa790"

[[projects]]
  branch = "master"
  digest = "1:122fdd61e136e89e520052921d535753b34853224de4f4d1482a3578d4fdb541"
  name = "github.com/robertkrimen/otto"
  packages = [
    ".",
    "ast",
    "dbg",
    "file",
    "parser",
    "registry",
    "token",
  ]
  pruneopts = "NUT"
  revision = "15f95af6e78dcd2030d8195a138bd88d4f403546"

[[projects]]
  digest = "1:7beec7585bf98388a5b6b04ae0984ae1a20a20fefd2f46b51a555d0bed6a6a99"
  name = "github.com/segmentio/ksuid"
  packages = ["."]
  pruneopts = "NUT"
  revision = "ffd9a8aaaf8f40792e055371eba06542348e991e"
  version = "v1.0.2"

[[projects]]
  digest = "1:ecf78eacf406c42f07f66d6b79fda24d2b92dc711bfd0760d0c931678f9621fe"
  name = "github.com/sirupsen/logrus"
  packages = ["."]
  pruneopts = "NUT"
  revision = "ad15b42461921f1fb3529b058c6786c6a45d5162"
  version = "v1.1.1"

[[projects]]
  digest = "1:20998b12ca59a28c75b02dedfe8eaf6e56d0f3cd38d796d6107ca344c1a7024d"
  name = "github.com/spenczar/tdigest"
  packages = ["."]
  pruneopts = "NUT"
  revision = "c30a5bef6c2a91b32b7044b570024f0faf39c959"
  version = "v2.1.0"

[[projects]]
  digest = "1:343d44e06621142ab09ae0c76c1799104cdfddd3ffb445d78b1adf8dc3ffaf3d"
  name = "github.com/spf13/cobra"
  packages = ["."]
  pruneopts = "NUT"
  revision = "ef82de70bb3f60c65fb8eebacbb2d122ef517385"
  version = "v0.0.3"

[[projects]]
  branch = "master"
  digest = "1:9d8420bbf131d1618bde6530af37c3799340d3762cc47210c1d9532a4c3a2779"
  name = "github.com/spf13/pflag"
  packages = ["."]
  pruneopts = "NUT"
  revision = "298182f68c66c05229eb03ac171abe6e309ee79a"

[[projects]]
  digest = "1:bacb8b590716ab7c33f2277240972c9582d389593ee8d66fc10074e0508b8126"
  name = "github.com/stretchr/testify"
  packages = ["assert"]
  pruneopts = "NUT"
  revision = "f35b8ab0b5a2cef36673838d662e249dd9c94686"
  version = "v1.2.2"

[[projects]]
  branch = "master"
  digest = "1:59483b8e8183f10ab21a85ba1f4cbb4a2335d48891801f79ed7b9499f44d383c"
  name = "github.com/syndtr/goleveldb"
  packages = [
    "leveldb",
    "leveldb/cache",
    "leveldb/comparer",
    "leveldb/errors",
    "leveldb/filter",
    "leveldb/iterator",
    "leveldb/journal",
    "leveldb/memdb",
    "leveldb/opt",
    "leveldb/storage",
    "leveldb/table",
    "leveldb/util",
  ]
  pruneopts = "NUT"
  revision = "6b91fda63f2e36186f1c9d0e48578defb69c5d43"

[[projects]]
  branch = "master"
  digest = "1:575f478b83d2c83e5cc0f1ff33d69dd7a881bd3577486798276b30ee5c01b9c0"
  name = "github.com/tecbot/gorocksdb"
  packages = ["."]
  pruneopts = "NUT"
  revision = "8752a943348155073ae407010e2b75c40480271a"

[[projects]]
  branch = "master"
  digest = "1:3f3a05ae0b95893d90b9b3b5afdb79a9b3d96e4e36e099d841ae602e4aca0da8"
  name = "golang.org/x/crypto"
  packages = ["ssh/terminal"]
  pruneopts = "NUT"
  revision = "0c41d7ab0a0ee717d4590a44bcb987dfd9e183eb"

[[projects]]
  branch = "master"
  digest = "1:d39e451e542c7c064d7e29050eb50993a7484d4a3b538387c0f2ac32b5b9cdd8"
  name = "golang.org/x/net"
  packages = [
    "context",
    "http/httpguts",
    "http2",
    "http2/hpack",
    "idna",
    "internal/timeseries",
    "trace",
  ]
  pruneopts = "NUT"
  revision = "49bb7cea24b1df9410e1712aa6433dae904ff66a"

[[projects]]
  branch = "master"
  digest = "1:39ebcc2b11457b703ae9ee2e8cca0f68df21969c6102cb3b705f76cca0ea0239"
  name = "golang.org/x/sync"
  packages = ["errgroup"]
  pruneopts = "NUT"
  revision = "1d60e4601c6fd243af51cc01ddf169918a5407ca"

[[projects]]
  branch = "master"
  digest = "1:71bcac4a94abe8132ef9c2bf008cca9579cda20194383b210b8d2e125777e982"
  name = "golang.org/x/sys"
  packages = [
    "unix",
    "windows",
  ]
  pruneopts = "NUT"
  revision = "fa43e7bc11baaae89f3f902b2b4d832b68234844"

[[projects]]
  digest = "1:0a6ace3c8a521f2c8861e89b8a22fc869c831e9bf6ad21fc62eb59afa16a8bff"
  name = "golang.org/x/text"
  packages = [
    "cases",
    "collate",
    "collate/build",
    "internal",
    "internal/colltab",
    "internal/gen",
    "internal/tag",
    "internal/triegen",
    "internal/ucd",
    "language",
    "secure/bidirule",
    "transform",
    "unicode/bidi",
    "unicode/cldr",
    "unicode/norm",
    "unicode/rangetable",
  ]
  pruneopts = "NUT"
  revision = "f21a4dfb5e38f5895301dc265a8def02365cc3d0"
  version = "v0.3.0"

[[projects]]
  digest = "1:c25289f43ac4a68d88b02245742347c94f1e108c534dda442188015ff80669b3"
  name = "google.golang.org/appengine"
  packages = ["cloudsql"]
  pruneopts = "NUT"
  revision = "4a4468ece617fc8205e99368fa2200e9d1fad421"
  version = "v1.3.0"

[[projects]]
  branch = "master"
  digest = "1:ec1919b8b80839559effbe3eabcebf92238d12d3dd9182e51deb5da3ed12e5e9"
  name = "google.golang.org/genproto"
  packages = [
    "googleapis/api/annotations",
    "googleapis/rpc/status",
  ]
  pruneopts = "NUT"
  revision = "af9cb2a35e7f169ec875002c1829c9b315cddc04"

[[projects]]
  digest = "1:5b805b8e03b29399b344655cac16873f026e54dc0a7c17b381f6f4d4c7b6d741"
  name = "google.golang.org/grpc"
  packages = [
    ".",
    "balancer",
    "balancer/base",
    "balancer/roundrobin",
    "codes",
    "connectivity",
    "credentials",
    "encoding",
    "encoding/proto",
    "grpclog",
    "internal",
    "internal/backoff",
    "internal/channelz",
    "internal/envconfig",
    "internal/grpcrand",
    "internal/transport",
    "keepalive",
    "metadata",
    "naming",
    "peer",
    "resolver",
    "resolver/dns",
    "resolver/passthrough",
    "stats",
    "status",
    "tap",
  ]
  pruneopts = "NUT"
  revision = "8dea3dc473e90c8179e519d91302d0597c0ca1d1"
  version = "v1.15.0"

[[projects]]
  digest = "1:bae6bfd186fd61d4c5e24a50b75c040cf662ea5f7c2ef8a0d54a8248dca7a5bd"
  name = "gopkg.in/olivere/elastic.v5"
  packages = [
    ".",
    "config",
    "uritemplates",
  ]
  pruneopts = "NUT"
  revision = "fc3063a8c0686f64e94f4b2c17eb140c06eb6793"
  version = "v5.0.76"

[[projects]]
  digest = "1:f3afbc73d5c6c35c71e6b763529db20270a71e028712b76e0f86c233eba3cd2f"
  name = "gopkg.in/sourcemap.v1"
  packages = [
    ".",
    "base64vlq",
  ]
  pruneopts = "NUT"
  revision = "6e83acea0053641eff084973fee085f0c193c61a"
  version = "v1.0.5"

[[projects]]
  digest = "1:7c95b35057a0ff2e19f707173cc1a947fa43a6eb5c4d300d196ece0334046082"
  name = "gopkg.in/yaml.v2"
  packages = ["."]
  pruneopts = "NUT"
  revision = "5420a8b6744d3b0345ab293f6fcba19c978f1183"
  version = "v2.2.1"

[solve-meta]
  analyzer-name = "dep"
  analyzer-version = 1
  input-imports = [
    "github.com/Shopify/sarama",
    "github.com/augustoroman/v8",
    "github.com/bmeg/golib",
    "github.com/boltdb/bolt",
    "github.com/dgraph-io/badger",
    "github.com/dgraph-io/badger/options",
    "github.com/dop251/goja",
    "github.com/ghodss/yaml",
    "github.com/globalsign/mgo",
    "github.com/globalsign/mgo/bson",
    "github.com/go-sql-driver/mysql",
    "github.com/golang/gddo/httputil",
    "github.com/golang/protobuf/jsonpb",
    "github.com/golang/protobuf/proto",
    "github.com/golang/protobuf/ptypes/struct",
    "github.com/graphql-go/graphql",
    "github.com/graphql-go/handler",
    "github.com/grpc-ecosystem/go-grpc-middleware",
    "github.com/grpc-ecosystem/go-grpc-middleware/retry",
    "github.com/grpc-ecosystem/grpc-gateway/runtime",
    "github.com/grpc-ecosystem/grpc-gateway/utilities",
    "github.com/hashicorp/go-multierror",
    "github.com/imdario/mergo",
    "github.com/jmoiron/sqlx",
    "github.com/knakk/rdf",
    "github.com/kr/pretty",
    "github.com/lib/pq",
    "github.com/logrusorgru/aurora",
    "github.com/oliveagle/jsonpath",
    "github.com/robertkrimen/otto",
    "github.com/segmentio/ksuid",
    "github.com/sirupsen/logrus",
    "github.com/spenczar/tdigest",
    "github.com/spf13/cobra",
    "github.com/stretchr/testify/assert",
    "github.com/syndtr/goleveldb/leveldb",
    "github.com/syndtr/goleveldb/leveldb/iterator",
    "github.com/syndtr/goleveldb/leveldb/opt",
    "github.com/syndtr/goleveldb/leveldb/util",
    "github.com/tecbot/gorocksdb",
    "golang.org/x/crypto/ssh/terminal",
    "golang.org/x/net/context",
    "golang.org/x/sync/errgroup",
    "google.golang.org/genproto/googleapis/api/annotations",
    "google.golang.org/grpc",
    "google.golang.org/grpc/codes",
    "google.golang.org/grpc/grpclog",
    "google.golang.org/grpc/metadata",
    "google.golang.org/grpc/status",
    "gopkg.in/olivere/elastic.v5",
    "gopkg.in/yaml.v2",
  ]
  solver-name = "gps-cdcl"
  solver-version = 1
